
Microsoft Visual Studio Solution File, Format Version 12.00
# Visual Studio Version 17
VisualStudioVersion = 17.10.35027.167
MinimumVisualStudioVersion = 10.0.40219.1
Project("{9A19103F-16F7-4668-BE54-9A1E7A4F7556}") = "UsaWeb.Service", "..\..\UsaWeb.Service\UsaWeb.Service.csproj", "{ECD22387-5F74-4D89-B075-6C96FFA37468}"
EndProject
Global
	GlobalSection(SolutionConfigurationPlatforms) = preSolution
		Debug|Any CPU = Debug|Any CPU
		Release|Any CPU = Release|Any CPU
	EndGlobalSection
	GlobalSection(ProjectConfigurationPlatforms) = postSolution
		{ECD22387-5F74-4D89-B075-6C96FFA37468}.Debug|Any CPU.ActiveCfg = Debug|Any CPU
		{ECD22387-5F74-4D89-B075-6C96FFA37468}.Debug|Any CPU.Build.0 = Debug|Any CPU
		{ECD22387-5F74-4D89-B075-6C96FFA37468}.Release|Any CPU.ActiveCfg = Release|Any CPU
		{ECD22387-5F74-4D89-B075-6C96FFA37468}.Release|Any CPU.Build.0 = Release|Any CPU
	EndGlobalSection
	GlobalSection(SolutionProperties) = preSolution
		HideSolutionNode = FALSE
	EndGlobalSection
	GlobalSection(ExtensibilityGlobals) = postSolution
		SolutionGuid = {735CE45F-640F-4ED8-AACD-6E06A0A303F4}
	EndGlobalSection
EndGlobal
